Microsoft Visual Studio Solution File, Format Version 12.00
# Visual Studio Version 17
VisualStudioVersion = 17.5.2.0
MinimumVisualStudioVersion = 10.0.40219.1
Project("{FAE04EC0-301F-11D3-BF4B-00C04F79EFBC}") = "Saucedemo_Example", "Saucedemo_Example.csproj", "{23D4C6ED-1D8C-62C4-7CB2-3FAA41C3EB00}"
EndProject
Global
	GlobalSection(SolutionConfigurationPlatforms) = preSolution
		Debug|Any CPU = Debug|Any CPU
		Release|Any CPU = Release|Any CPU
	EndGlobalSection
	GlobalSection(ProjectConfigurationPlatforms) = postSolution
		{23D4C6ED-1D8C-62C4-7CB2-3FAA41C3EB00}.Debug|Any CPU.ActiveCfg = Debug|Any CPU
		{23D4C6ED-1D8C-62C4-7CB2-3FAA41C3EB00}.Debug|Any CPU.Build.0 = Debug|Any CPU
		{23D4C6ED-1D8C-62C4-7CB2-3FAA41C3EB00}.Release|Any CPU.ActiveCfg = Release|Any CPU
		{23D4C6ED-1D8C-62C4-7CB2-3FAA41C3EB00}.Release|Any CPU.Build.0 = Release|Any CPU
	EndGlobalSection
	GlobalSection(SolutionProperties) = preSolution
		HideSolutionNode = FALSE
	EndGlobalSection
	GlobalSection(ExtensibilityGlobals) = postSolution
		SolutionGuid = {B755B2CD-391C-4917-8347-AA79C6AA64D0}
	EndGlobalSection
EndGlobal
